
Microsoft Visual Studio Solution File, Format Version 12.00
# Visual Studio Version 16
VisualStudioVersion = 16.0.31205.134
MinimumVisualStudioVersion = 10.0.40219.1
Project("{FAE04EC0-301F-11D3-BF4B-00C04F79EFBC}") = "Cli.ScenarioExport", "Cli.ScenarioExport.csproj", "{6C39CA8B-ADC6-429F-9869-82974B536BCD}"
EndProject
Global
	GlobalSection(SolutionConfigurationPlatforms) = preSolution
		Debug|Any CPU = Debug|Any CPU
		Release|Any CPU = Release|Any CPU
	EndGlobalSection
	GlobalSection(ProjectConfigurationPlatforms) = postSolution
		{6C39CA8B-ADC6-429F-9869-82974B536BCD}.Debug|Any CPU.ActiveCfg = Debug|Any CPU
		{6C39CA8B-ADC6-429F-9869-82974B536BCD}.Debug|Any CPU.Build.0 = Debug|Any CPU
		{6C39CA8B-ADC6-429F-9869-82974B536BCD}.Release|Any CPU.ActiveCfg = Release|Any CPU
		{6C39CA8B-ADC6-429F-9869-82974B536BCD}.Release|Any CPU.Build.0 = Release|Any CPU
	EndGlobalSection
	GlobalSection(SolutionProperties) = preSolution
		HideSolutionNode = FALSE
	EndGlobalSection
	GlobalSection(ExtensibilityGlobals) = postSolution
		SolutionGuid = {FB678CB1-2C93-47CE-8389-F0BF86A86709}
	EndGlobalSection
EndGlobal
